
Microsoft Visual Studio Solution File, Format Version 12.00
# Visual Studio Version 17
VisualStudioVersion = 17.1.32228.430
MinimumVisualStudioVersion = 10.0.40219.1
Project("{9A19103F-16F7-4668-BE54-9A1E7A4F7556}") = "SV.Demo.Business", "SV.Demo.Business\SV.Demo.Business.csproj", "{0853EF29-3B97-4D4F-B3DF-1EC36E4BBCE7}"
EndProject
Project("{9A19103F-16F7-4668-BE54-9A1E7A4F7556}") = "SV.Demo.Test.xUnit", "SV.Demo.Test.xUnit\SV.Demo.Test.xUnit.csproj", "{B7EFC911-CFC4-4581-9DFB-F88248883792}"
EndProject
Project("{9A19103F-16F7-4668-BE54-9A1E7A4F7556}") = "SV.Demo.Test.MSTestV2", "SV.Demo.Test.MSTestV2\SV.Demo.Test.MSTestV2.csproj", "{89A22D96-B684-4970-9E5D-20ECF87E2A10}"
EndProject
Project("{9A19103F-16F7-4668-BE54-9A1E7A4F7556}") = "SV.Demo.Blazor", "SV.Demo.Blazor\SV.Demo.Blazor.csproj", "{3065A4DF-EE2B-494D-809E-ECE5F6CD9953}"
EndProject
Project("{9A19103F-16F7-4668-BE54-9A1E7A4F7556}") = "SV.Demo.Test.nUnit", "SV.Demo.Test.nUnit\SV.Demo.Test.nUnit.csproj", "{D1D27C7A-24CE-4CFD-814A-95955E212467}"
EndProject
Project("{FAE04EC0-301F-11D3-BF4B-00C04F79EFBC}") = "SV.Demo.Test.bUnit.Web", "SV.Demo.Test.bUnit.Web\SV.Demo.Test.bUnit.Web.csproj", "{2FDB17AA-80FB-4517-B89A-5DB43DB96826}"
EndProject
Global
	GlobalSection(SolutionConfigurationPlatforms) = preSolution
		Debug|Any CPU = Debug|Any CPU
		Release|Any CPU = Release|Any CPU
	EndGlobalSection
	GlobalSection(ProjectConfigurationPlatforms) = postSolution
		{0853EF29-3B97-4D4F-B3DF-1EC36E4BBCE7}.Debug|Any CPU.ActiveCfg = Debug|Any CPU
		{0853EF29-3B97-4D4F-B3DF-1EC36E4BBCE7}.Debug|Any CPU.Build.0 = Debug|Any CPU
		{0853EF29-3B97-4D4F-B3DF-1EC36E4BBCE7}.Release|Any CPU.ActiveCfg = Release|Any CPU
		{0853EF29-3B97-4D4F-B3DF-1EC36E4BBCE7}.Release|Any CPU.Build.0 = Release|Any CPU
		{B7EFC911-CFC4-4581-9DFB-F88248883792}.Debug|Any CPU.ActiveCfg = Debug|Any CPU
		{B7EFC911-CFC4-4581-9DFB-F88248883792}.Debug|Any CPU.Build.0 = Debug|Any CPU
		{B7EFC911-CFC4-4581-9DFB-F88248883792}.Release|Any CPU.ActiveCfg = Release|Any CPU
		{B7EFC911-CFC4-4581-9DFB-F88248883792}.Release|Any CPU.Build.0 = Release|Any CPU
		{89A22D96-B684-4970-9E5D-20ECF87E2A10}.Debug|Any CPU.ActiveCfg = Debug|Any CPU
		{89A22D96-B684-4970-9E5D-20ECF87E2A10}.Debug|Any CPU.Build.0 = Debug|Any CPU
		{89A22D96-B684-4970-9E5D-20ECF87E2A10}.Release|Any CPU.ActiveCfg = Release|Any CPU
		{89A22D96-B684-4970-9E5D-20ECF87E2A10}.Release|Any CPU.Build.0 = Release|Any CPU
		{3065A4DF-EE2B-494D-809E-ECE5F6CD9953}.Debug|Any CPU.ActiveCfg = Debug|Any CPU
		{3065A4DF-EE2B-494D-809E-ECE5F6CD9953}.Debug|Any CPU.Build.0 = Debug|Any CPU
		{3065A4DF-EE2B-494D-809E-ECE5F6CD9953}.Release|Any CPU.ActiveCfg = Release|Any CPU
		{3065A4DF-EE2B-494D-809E-ECE5F6CD9953}.Release|Any CPU.Build.0 = Release|Any CPU
		{D1D27C7A-24CE-4CFD-814A-95955E212467}.Debug|Any CPU.ActiveCfg = Debug|Any CPU
		{D1D27C7A-24CE-4CFD-814A-95955E212467}.Debug|Any CPU.Build.0 = Debug|Any CPU
		{D1D27C7A-24CE-4CFD-814A-95955E212467}.Release|Any CPU.ActiveCfg = Release|Any CPU
		{D1D27C7A-24CE-4CFD-814A-95955E212467}.Release|Any CPU.Build.0 = Release|Any CPU
		{2FDB17AA-80FB-4517-B89A-5DB43DB96826}.Debug|Any CPU.ActiveCfg = Debug|Any CPU
		{2FDB17AA-80FB-4517-B89A-5DB43DB96826}.Debug|Any CPU.Build.0 = Debug|Any CPU
		{2FDB17AA-80FB-4517-B89A-5DB43DB96826}.Release|Any CPU.ActiveCfg = Release|Any CPU
		{2FDB17AA-80FB-4517-B89A-5DB43DB96826}.Release|Any CPU.Build.0 = Release|Any CPU
	EndGlobalSection
	GlobalSection(SolutionProperties) = preSolution
		HideSolutionNode = FALSE
	EndGlobalSection
	GlobalSection(ExtensibilityGlobals) = postSolution
		SolutionGuid = {F2725751-F4F3-4D1D-9487-6DB91E9E8E5B}
	EndGlobalSection
EndGlobal
